{
  "requires": true,
  "lockfileVersion": 1,
  "dependencies": {
    "async-limiter": {
      "version": "1.0.0",
      "resolved": "http://registry.npm.taobao.org/async-limiter/download/async-limiter-1.0.0.tgz",
      "integrity": "sha1-ePrtjD0HSrgfIrTphdeehzj3IPg="
    },
    "gun": {
      "version": "0.9.9993",
      "resolved": "http://registry.npm.taobao.org/gun/download/gun-0.9.9993.tgz",
      "integrity": "sha1-5Kiew9k6UR0lMTh9pFW1jRMViHQ=",
      "requires": {
        "ws": "~>5.2.0"
      }
    },
    "ws": {
      "version": "5.2.1",
      "resolved": "http://registry.npm.taobao.org/ws/download/ws-5.2.1.tgz",
      "integrity": "sha1-N4J6C6dy0HKoQ8NhWwrTi82zVOs=",
      "requires": {
        "async-limiter": "~1.0.0"
      }
    }
  }
}
